
Microsoft Visual Studio Solution File, Format Version 12.00
# Visual Studio Version 17
VisualStudioVersion = 17.0.31903.59
MinimumVisualStudioVersion = 10.0.40219.1
Project("{2150E333-8FDC-42A3-9474-1A3956D46DE8}") = "src", "src", "{827E0CD3-B72D-47B6-A68D-7590B98EB39B}"
EndProject
Project("{FAE04EC0-301F-11D3-BF4B-00C04F79EFBC}") = "TILSOFTAI.Api", "src\TILSOFTAI.Api\TILSOFTAI.Api.csproj", "{7BAAA461-E35E-470F-83EC-9C9F16D3E40B}"
EndProject
Project("{FAE04EC0-301F-11D3-BF4B-00C04F79EFBC}") = "TILSOFTAI.Application", "src\TILSOFTAI.Application\TILSOFTAI.Application.csproj", "{A58BD893-915C-4740-8AAC-A272EE2DFE9B}"
EndProject
Project("{FAE04EC0-301F-11D3-BF4B-00C04F79EFBC}") = "TILSOFTAI.Agent", "src\TILSOFTAI.Agent\TILSOFTAI.Agent.csproj", "{929CC3C4-6537-4E20-BD5B-60EA003DD47F}"
EndProject
Project("{FAE04EC0-301F-11D3-BF4B-00C04F79EFBC}") = "TILSOFTAI.Contracts", "src\TILSOFTAI.Contracts\TILSOFTAI.Contracts.csproj", "{83FE7086-DF68-4054-9B86-DF3924B78AE9}"
EndProject
Project("{FAE04EC0-301F-11D3-BF4B-00C04F79EFBC}") = "TILSOFTAI.Domain", "src\TILSOFTAI.Domain\TILSOFTAI.Domain.csproj", "{C5C4B755-6DFF-4DFB-AAEF-33AD48DCA503}"
EndProject
Project("{FAE04EC0-301F-11D3-BF4B-00C04F79EFBC}") = "TILSOFTAI.Infrastructure", "src\TILSOFTAI.Infrastructure\TILSOFTAI.Infrastructure.csproj", "{B1B7B5DF-5826-4E13-BA6D-3AFDA44D1999}"
EndProject
Project("{FAE04EC0-301F-11D3-BF4B-00C04F79EFBC}") = "TILSOFTAI.Persistence", "src\TILSOFTAI.Persistence\TILSOFTAI.Persistence.csproj", "{6DAE8ECF-9CF9-4797-AE1C-F685AADE68D9}"
EndProject
Project("{FAE04EC0-301F-11D3-BF4B-00C04F79EFBC}") = "TILSOFTAI.Modules.Model", "src\TILSOFTAI.Modules.Model\TILSOFTAI.Modules.Model.csproj", "{27A434DF-E50A-4BB6-8088-E5C38E8E6257}"
EndProject
Project("{2150E333-8FDC-42A3-9474-1A3956D46DE8}") = "tests", "tests", "{0AB3BF05-4346-4AA6-1389-037BE0695223}"
EndProject
Project("{FAE04EC0-301F-11D3-BF4B-00C04F79EFBC}") = "TILSOFTAI.UnitTests", "tests\TILSOFTAI.UnitTests\TILSOFTAI.UnitTests.csproj", "{126FEF51-193A-40A2-9B85-378717B47075}"
EndProject
Project("{FAE04EC0-301F-11D3-BF4B-00C04F79EFBC}") = "TILSOFTAI.IntegrationTests", "tests\TILSOFTAI.IntegrationTests\TILSOFTAI.IntegrationTests.csproj", "{22BCB32F-3087-4F7F-8DD9-A06494878D77}"
EndProject
Project("{FAE04EC0-301F-11D3-BF4B-00C04F79EFBC}") = "TILSOFTAI.AgentTests", "tests\TILSOFTAI.AgentTests\TILSOFTAI.AgentTests.csproj", "{8483D8F9-2D28-49AC-9B4E-F6BF9889BF0D}"
EndProject
Project("{FAE04EC0-301F-11D3-BF4B-00C04F79EFBC}") = "TILSOFTAI.SqlTests", "tests\TILSOFTAI.SqlTests\TILSOFTAI.SqlTests.csproj", "{6DC40CCA-0A92-4642-B8B4-34E849B27124}"
EndProject
Global
	GlobalSection(SolutionConfigurationPlatforms) = preSolution
		Debug|Any CPU = Debug|Any CPU
		Debug|x64 = Debug|x64
		Debug|x86 = Debug|x86
		Release|Any CPU = Release|Any CPU
		Release|x64 = Release|x64
		Release|x86 = Release|x86
	EndGlobalSection
	GlobalSection(ProjectConfigurationPlatforms) = postSolution
		{7BAAA461-E35E-470F-83EC-9C9F16D3E40B}.Debug|Any CPU.ActiveCfg = Debug|Any CPU
		{7BAAA461-E35E-470F-83EC-9C9F16D3E40B}.Debug|Any CPU.Build.0 = Debug|Any CPU
		{7BAAA461-E35E-470F-83EC-9C9F16D3E40B}.Debug|x64.ActiveCfg = Debug|Any CPU
		{7BAAA461-E35E-470F-83EC-9C9F16D3E40B}.Debug|x64.Build.0 = Debug|Any CPU
		{7BAAA461-E35E-470F-83EC-9C9F16D3E40B}.Debug|x86.ActiveCfg = Debug|Any CPU
		{7BAAA461-E35E-470F-83EC-9C9F16D3E40B}.Debug|x86.Build.0 = Debug|Any CPU
		{7BAAA461-E35E-470F-83EC-9C9F16D3E40B}.Release|Any CPU.ActiveCfg = Release|Any CPU
		{7BAAA461-E35E-470F-83EC-9C9F16D3E40B}.Release|Any CPU.Build.0 = Release|Any CPU
		{7BAAA461-E35E-470F-83EC-9C9F16D3E40B}.Release|x64.ActiveCfg = Release|Any CPU
		{7BAAA461-E35E-470F-83EC-9C9F16D3E40B}.Release|x64.Build.0 = Release|Any CPU
		{7BAAA461-E35E-470F-83EC-9C9F16D3E40B}.Release|x86.ActiveCfg = Release|Any CPU
		{7BAAA461-E35E-470F-83EC-9C9F16D3E40B}.Release|x86.Build.0 = Release|Any CPU
		{A58BD893-915C-4740-8AAC-A272EE2DFE9B}.Debug|Any CPU.ActiveCfg = Debug|Any CPU
		{A58BD893-915C-4740-8AAC-A272EE2DFE9B}.Debug|Any CPU.Build.0 = Debug|Any CPU
		{A58BD893-915C-4740-8AAC-A272EE2DFE9B}.Debug|x64.ActiveCfg = Debug|Any CPU
		{A58BD893-915C-4740-8AAC-A272EE2DFE9B}.Debug|x64.Build.0 = Debug|Any CPU
		{A58BD893-915C-4740-8AAC-A272EE2DFE9B}.Debug|x86.ActiveCfg = Debug|Any CPU
		{A58BD893-915C-4740-8AAC-A272EE2DFE9B}.Debug|x86.Build.0 = Debug|Any CPU
		{A58BD893-915C-4740-8AAC-A272EE2DFE9B}.Release|Any CPU.ActiveCfg = Release|Any CPU
		{A58BD893-915C-4740-8AAC-A272EE2DFE9B}.Release|Any CPU.Build.0 = Release|Any CPU
		{A58BD893-915C-4740-8AAC-A272EE2DFE9B}.Release|x64.ActiveCfg = Release|Any CPU
		{A58BD893-915C-4740-8AAC-A272EE2DFE9B}.Release|x64.Build.0 = Release|Any CPU
		{A58BD893-915C-4740-8AAC-A272EE2DFE9B}.Release|x86.ActiveCfg = Release|Any CPU
		{A58BD893-915C-4740-8AAC-A272EE2DFE9B}.Release|x86.Build.0 = Release|Any CPU
		{929CC3C4-6537-4E20-BD5B-60EA003DD47F}.Debug|Any CPU.ActiveCfg = Debug|Any CPU
		{929CC3C4-6537-4E20-BD5B-60EA003DD47F}.Debug|Any CPU.Build.0 = Debug|Any CPU
		{929CC3C4-6537-4E20-BD5B-60EA003DD47F}.Debug|x64.ActiveCfg = Debug|Any CPU
		{929CC3C4-6537-4E20-BD5B-60EA003DD47F}.Debug|x64.Build.0 = Debug|Any CPU
		{929CC3C4-6537-4E20-BD5B-60EA003DD47F}.Debug|x86.ActiveCfg = Debug|Any CPU
		{929CC3C4-6537-4E20-BD5B-60EA003DD47F}.Debug|x86.Build.0 = Debug|Any CPU
		{929CC3C4-6537-4E20-BD5B-60EA003DD47F}.Release|Any CPU.ActiveCfg = Release|Any CPU
		{929CC3C4-6537-4E20-BD5B-60EA003DD47F}.Release|Any CPU.Build.0 = Release|Any CPU
		{929CC3C4-6537-4E20-BD5B-60EA003DD47F}.Release|x64.ActiveCfg = Release|Any CPU
		{929CC3C4-6537-4E20-BD5B-60EA003DD47F}.Release|x64.Build.0 = Release|Any CPU
		{929CC3C4-6537-4E20-BD5B-60EA003DD47F}.Release|x86.ActiveCfg = Release|Any CPU
		{929CC3C4-6537-4E20-BD5B-60EA003DD47F}.Release|x86.Build.0 = Release|Any CPU
		{83FE7086-DF68-4054-9B86-DF3924B78AE9}.Debug|Any CPU.ActiveCfg = Debug|Any CPU
		{83FE7086-DF68-4054-9B86-DF3924B78AE9}.Debug|Any CPU.Build.0 = Debug|Any CPU
		{83FE7086-DF68-4054-9B86-DF3924B78AE9}.Debug|x64.ActiveCfg = Debug|Any CPU
		{83FE7086-DF68-4054-9B86-DF3924B78AE9}.Debug|x64.Build.0 = Debug|Any CPU
		{83FE7086-DF68-4054-9B86-DF3924B78AE9}.Debug|x86.ActiveCfg = Debug|Any CPU
		{83FE7086-DF68-4054-9B86-DF3924B78AE9}.Debug|x86.Build.0 = Debug|Any CPU
		{83FE7086-DF68-4054-9B86-DF3924B78AE9}.Release|Any CPU.ActiveCfg = Release|Any CPU
		{83FE7086-DF68-4054-9B86-DF3924B78AE9}.Release|Any CPU.Build.0 = Release|Any CPU
		{83FE7086-DF68-4054-9B86-DF3924B78AE9}.Release|x64.ActiveCfg = Release|Any CPU
		{83FE7086-DF68-4054-9B86-DF3924B78AE9}.Release|x64.Build.0 = Release|Any CPU
		{83FE7086-DF68-4054-9B86-DF3924B78AE9}.Release|x86.ActiveCfg = Release|Any CPU
		{83FE7086-DF68-4054-9B86-DF3924B78AE9}.Release|x86.Build.0 = Release|Any CPU
		{C5C4B755-6DFF-4DFB-AAEF-33AD48DCA503}.Debug|Any CPU.ActiveCfg = Debug|Any CPU
		{C5C4B755-6DFF-4DFB-AAEF-33AD48DCA503}.Debug|Any CPU.Build.0 = Debug|Any CPU
		{C5C4B755-6DFF-4DFB-AAEF-33AD48DCA503}.Debug|x64.ActiveCfg = Debug|Any CPU
		{C5C4B755-6DFF-4DFB-AAEF-33AD48DCA503}.Debug|x64.Build.0 = Debug|Any CPU
		{C5C4B755-6DFF-4DFB-AAEF-33AD48DCA503}.Debug|x86.ActiveCfg = Debug|Any CPU
		{C5C4B755-6DFF-4DFB-AAEF-33AD48DCA503}.Debug|x86.Build.0 = Debug|Any CPU
		{C5C4B755-6DFF-4DFB-AAEF-33AD48DCA503}.Release|Any CPU.ActiveCfg = Release|Any CPU
		{C5C4B755-6DFF-4DFB-AAEF-33AD48DCA503}.Release|Any CPU.Build.0 = Release|Any CPU
		{C5C4B755-6DFF-4DFB-AAEF-33AD48DCA503}.Release|x64.ActiveCfg = Release|Any CPU
		{C5C4B755-6DFF-4DFB-AAEF-33AD48DCA503}.Release|x64.Build.0 = Release|Any CPU
		{C5C4B755-6DFF-4DFB-AAEF-33AD48DCA503}.Release|x86.ActiveCfg = Release|Any CPU
		{C5C4B755-6DFF-4DFB-AAEF-33AD48DCA503}.Release|x86.Build.0 = Release|Any CPU
		{B1B7B5DF-5826-4E13-BA6D-3AFDA44D1999}.Debug|Any CPU.ActiveCfg = Debug|Any CPU
		{B1B7B5DF-5826-4E13-BA6D-3AFDA44D1999}.Debug|Any CPU.Build.0 = Debug|Any CPU
		{B1B7B5DF-5826-4E13-BA6D-3AFDA44D1999}.Debug|x64.ActiveCfg = Debug|Any CPU
		{B1B7B5DF-5826-4E13-BA6D-3AFDA44D1999}.Debug|x64.Build.0 = Debug|Any CPU
		{B1B7B5DF-5826-4E13-BA6D-3AFDA44D1999}.Debug|x86.ActiveCfg = Debug|Any CPU
		{B1B7B5DF-5826-4E13-BA6D-3AFDA44D1999}.Debug|x86.Build.0 = Debug|Any CPU
		{B1B7B5DF-5826-4E13-BA6D-3AFDA44D1999}.Release|Any CPU.ActiveCfg = Release|Any CPU
		{B1B7B5DF-5826-4E13-BA6D-3AFDA44D1999}.Release|Any CPU.Build.0 = Release|Any CPU
		{B1B7B5DF-5826-4E13-BA6D-3AFDA44D1999}.Release|x64.ActiveCfg = Release|Any CPU
		{B1B7B5DF-5826-4E13-BA6D-3AFDA44D1999}.Release|x64.Build.0 = Release|Any CPU
		{B1B7B5DF-5826-4E13-BA6D-3AFDA44D1999}.Release|x86.ActiveCfg = Release|Any CPU
		{B1B7B5DF-5826-4E13-BA6D-3AFDA44D1999}.Release|x86.Build.0 = Release|Any CPU
		{6DAE8ECF-9CF9-4797-AE1C-F685AADE68D9}.Debug|Any CPU.ActiveCfg = Debug|Any CPU
		{6DAE8ECF-9CF9-4797-AE1C-F685AADE68D9}.Debug|Any CPU.Build.0 = Debug|Any CPU
		{6DAE8ECF-9CF9-4797-AE1C-F685AADE68D9}.Debug|x64.ActiveCfg = Debug|Any CPU
		{6DAE8ECF-9CF9-4797-AE1C-F685AADE68D9}.Debug|x64.Build.0 = Debug|Any CPU
		{6DAE8ECF-9CF9-4797-AE1C-F685AADE68D9}.Debug|x86.ActiveCfg = Debug|Any CPU
		{6DAE8ECF-9CF9-4797-AE1C-F685AADE68D9}.Debug|x86.Build.0 = Debug|Any CPU
		{6DAE8ECF-9CF9-4797-AE1C-F685AADE68D9}.Release|Any CPU.ActiveCfg = Release|Any CPU
		{6DAE8ECF-9CF9-4797-AE1C-F685AADE68D9}.Release|Any CPU.Build.0 = Release|Any CPU
		{6DAE8ECF-9CF9-4797-AE1C-F685AADE68D9}.Release|x64.ActiveCfg = Release|Any CPU
		{6DAE8ECF-9CF9-4797-AE1C-F685AADE68D9}.Release|x64.Build.0 = Release|Any CPU
		{6DAE8ECF-9CF9-4797-AE1C-F685AADE68D9}.Release|x86.ActiveCfg = Release|Any CPU
		{6DAE8ECF-9CF9-4797-AE1C-F685AADE68D9}.Release|x86.Build.0 = Release|Any CPU
		{27A434DF-E50A-4BB6-8088-E5C38E8E6257}.Debug|Any CPU.ActiveCfg = Debug|Any CPU
		{27A434DF-E50A-4BB6-8088-E5C38E8E6257}.Debug|Any CPU.Build.0 = Debug|Any CPU
		{27A434DF-E50A-4BB6-8088-E5C38E8E6257}.Debug|x64.ActiveCfg = Debug|Any CPU
		{27A434DF-E50A-4BB6-8088-E5C38E8E6257}.Debug|x64.Build.0 = Debug|Any CPU
		{27A434DF-E50A-4BB6-8088-E5C38E8E6257}.Debug|x86.ActiveCfg = Debug|Any CPU
		{27A434DF-E50A-4BB6-8088-E5C38E8E6257}.Debug|x86.Build.0 = Debug|Any CPU
		{27A434DF-E50A-4BB6-8088-E5C38E8E6257}.Release|Any CPU.ActiveCfg = Release|Any CPU
		{27A434DF-E50A-4BB6-8088-E5C38E8E6257}.Release|Any CPU.Build.0 = Release|Any CPU
		{27A434DF-E50A-4BB6-8088-E5C38E8E6257}.Release|x64.ActiveCfg = Release|Any CPU
		{27A434DF-E50A-4BB6-8088-E5C38E8E6257}.Release|x64.Build.0 = Release|Any CPU
		{27A434DF-E50A-4BB6-8088-E5C38E8E6257}.Release|x86.ActiveCfg = Release|Any CPU
		{27A434DF-E50A-4BB6-8088-E5C38E8E6257}.Release|x86.Build.0 = Release|Any CPU
		{126FEF51-193A-40A2-9B85-378717B47075}.Debug|Any CPU.ActiveCfg = Debug|Any CPU
		{126FEF51-193A-40A2-9B85-378717B47075}.Debug|Any CPU.Build.0 = Debug|Any CPU
		{126FEF51-193A-40A2-9B85-378717B47075}.Debug|x64.ActiveCfg = Debug|Any CPU
		{126FEF51-193A-40A2-9B85-378717B47075}.Debug|x64.Build.0 = Debug|Any CPU
		{126FEF51-193A-40A2-9B85-378717B47075}.Debug|x86.ActiveCfg = Debug|Any CPU
		{126FEF51-193A-40A2-9B85-378717B47075}.Debug|x86.Build.0 = Debug|Any CPU
		{126FEF51-193A-40A2-9B85-378717B47075}.Release|Any CPU.ActiveCfg = Release|Any CPU
		{126FEF51-193A-40A2-9B85-378717B47075}.Release|Any CPU.Build.0 = Release|Any CPU
		{126FEF51-193A-40A2-9B85-378717B47075}.Release|x64.ActiveCfg = Release|Any CPU
		{126FEF51-193A-40A2-9B85-378717B47075}.Release|x64.Build.0 = Release|Any CPU
		{126FEF51-193A-40A2-9B85-378717B47075}.Release|x86.ActiveCfg = Release|Any CPU
		{126FEF51-193A-40A2-9B85-378717B47075}.Release|x86.Build.0 = Release|Any CPU
		{22BCB32F-3087-4F7F-8DD9-A06494878D77}.Debug|Any CPU.ActiveCfg = Debug|Any CPU
		{22BCB32F-3087-4F7F-8DD9-A06494878D77}.Debug|Any CPU.Build.0 = Debug|Any CPU
		{22BCB32F-3087-4F7F-8DD9-A06494878D77}.Debug|x64.ActiveCfg = Debug|Any CPU
		{22BCB32F-3087-4F7F-8DD9-A06494878D77}.Debug|x64.Build.0 = Debug|Any CPU
		{22BCB32F-3087-4F7F-8DD9-A06494878D77}.Debug|x86.ActiveCfg = Debug|Any CPU
		{22BCB32F-3087-4F7F-8DD9-A06494878D77}.Debug|x86.Build.0 = Debug|Any CPU
		{22BCB32F-3087-4F7F-8DD9-A06494878D77}.Release|Any CPU.ActiveCfg = Release|Any CPU
		{22BCB32F-3087-4F7F-8DD9-A06494878D77}.Release|Any CPU.Build.0 = Release|Any CPU
		{22BCB32F-3087-4F7F-8DD9-A06494878D77}.Release|x64.ActiveCfg = Release|Any CPU
		{22BCB32F-3087-4F7F-8DD9-A06494878D77}.Release|x64.Build.0 = Release|Any CPU
		{22BCB32F-3087-4F7F-8DD9-A06494878D77}.Release|x86.ActiveCfg = Release|Any CPU
		{22BCB32F-3087-4F7F-8DD9-A06494878D77}.Release|x86.Build.0 = Release|Any CPU
		{8483D8F9-2D28-49AC-9B4E-F6BF9889BF0D}.Debug|Any CPU.ActiveCfg = Debug|Any CPU
		{8483D8F9-2D28-49AC-9B4E-F6BF9889BF0D}.Debug|Any CPU.Build.0 = Debug|Any CPU
		{8483D8F9-2D28-49AC-9B4E-F6BF9889BF0D}.Debug|x64.ActiveCfg = Debug|Any CPU
		{8483D8F9-2D28-49AC-9B4E-F6BF9889BF0D}.Debug|x64.Build.0 = Debug|Any CPU
		{8483D8F9-2D28-49AC-9B4E-F6BF9889BF0D}.Debug|x86.ActiveCfg = Debug|Any CPU
		{8483D8F9-2D28-49AC-9B4E-F6BF9889BF0D}.Debug|x86.Build.0 = Debug|Any CPU
		{8483D8F9-2D28-49AC-9B4E-F6BF9889BF0D}.Release|Any CPU.ActiveCfg = Release|Any CPU
		{8483D8F9-2D28-49AC-9B4E-F6BF9889BF0D}.Release|Any CPU.Build.0 = Release|Any CPU
		{8483D8F9-2D28-49AC-9B4E-F6BF9889BF0D}.Release|x64.ActiveCfg = Release|Any CPU
		{8483D8F9-2D28-49AC-9B4E-F6BF9889BF0D}.Release|x64.Build.0 = Release|Any CPU
		{8483D8F9-2D28-49AC-9B4E-F6BF9889BF0D}.Release|x86.ActiveCfg = Release|Any CPU
		{8483D8F9-2D28-49AC-9B4E-F6BF9889BF0D}.Release|x86.Build.0 = Release|Any CPU
		{6DC40CCA-0A92-4642-B8B4-34E849B27124}.Debug|Any CPU.ActiveCfg = Debug|Any CPU
		{6DC40CCA-0A92-4642-B8B4-34E849B27124}.Debug|Any CPU.Build.0 = Debug|Any CPU
		{6DC40CCA-0A92-4642-B8B4-34E849B27124}.Debug|x64.ActiveCfg = Debug|Any CPU
		{6DC40CCA-0A92-4642-B8B4-34E849B27124}.Debug|x64.Build.0 = Debug|Any CPU
		{6DC40CCA-0A92-4642-B8B4-34E849B27124}.Debug|x86.ActiveCfg = Debug|Any CPU
		{6DC40CCA-0A92-4642-B8B4-34E849B27124}.Debug|x86.Build.0 = Debug|Any CPU
		{6DC40CCA-0A92-4642-B8B4-34E849B27124}.Release|Any CPU.ActiveCfg = Release|Any CPU
		{6DC40CCA-0A92-4642-B8B4-34E849B27124}.Release|Any CPU.Build.0 = Release|Any CPU
		{6DC40CCA-0A92-4642-B8B4-34E849B27124}.Release|x64.ActiveCfg = Release|Any CPU
		{6DC40CCA-0A92-4642-B8B4-34E849B27124}.Release|x64.Build.0 = Release|Any CPU
		{6DC40CCA-0A92-4642-B8B4-34E849B27124}.Release|x86.ActiveCfg = Release|Any CPU
		{6DC40CCA-0A92-4642-B8B4-34E849B27124}.Release|x86.Build.0 = Release|Any CPU
	EndGlobalSection
	GlobalSection(SolutionProperties) = preSolution
		HideSolutionNode = FALSE
	EndGlobalSection
	GlobalSection(NestedProjects) = preSolution
		{7BAAA461-E35E-470F-83EC-9C9F16D3E40B} = {827E0CD3-B72D-47B6-A68D-7590B98EB39B}
		{A58BD893-915C-4740-8AAC-A272EE2DFE9B} = {827E0CD3-B72D-47B6-A68D-7590B98EB39B}
		{929CC3C4-6537-4E20-BD5B-60EA003DD47F} = {827E0CD3-B72D-47B6-A68D-7590B98EB39B}
		{83FE7086-DF68-4054-9B86-DF3924B78AE9} = {827E0CD3-B72D-47B6-A68D-7590B98EB39B}
		{C5C4B755-6DFF-4DFB-AAEF-33AD48DCA503} = {827E0CD3-B72D-47B6-A68D-7590B98EB39B}
		{B1B7B5DF-5826-4E13-BA6D-3AFDA44D1999} = {827E0CD3-B72D-47B6-A68D-7590B98EB39B}
		{6DAE8ECF-9CF9-4797-AE1C-F685AADE68D9} = {827E0CD3-B72D-47B6-A68D-7590B98EB39B}
		{27A434DF-E50A-4BB6-8088-E5C38E8E6257} = {827E0CD3-B72D-47B6-A68D-7590B98EB39B}
		{126FEF51-193A-40A2-9B85-378717B47075} = {0AB3BF05-4346-4AA6-1389-037BE0695223}
		{22BCB32F-3087-4F7F-8DD9-A06494878D77} = {0AB3BF05-4346-4AA6-1389-037BE0695223}
		{8483D8F9-2D28-49AC-9B4E-F6BF9889BF0D} = {0AB3BF05-4346-4AA6-1389-037BE0695223}
		{6DC40CCA-0A92-4642-B8B4-34E849B27124} = {0AB3BF05-4346-4AA6-1389-037BE0695223}
	EndGlobalSection
EndGlobal
